# This file was autogenerated by Stack.
# You should not edit this file by hand.
# For more information, please see the documentation at:
#   https://docs.haskellstack.org/en/stable/lock_files

packages: []
snapshots:
- completed:
    sha256: 507441b1ddc1e0f6d76f83fd213ed4ff9c34c171a6c1af2c3eb45d7067532cb6
    size: 635634
    url: https://raw.githubusercontent.com/commercialhaskell/stackage-snapshots/master/nightly/2022/9/16.yaml
  original: nightly-2022-09-16
